# THIS IS AN AUTOGENERATED FILE. DO NOT EDIT THIS FILE DIRECTLY.
# yarn lockfile v1


normalize-unicode-text@^0.0.1:
  version "0.0.1"
  resolved "https://registry.yarnpkg.com/normalize-unicode-text/-/normalize-unicode-text-0.0.1.tgz#9ba7b8d265f7d2861460a44d283a033b5fcf5c72"
  integrity sha512-zzW9hCazMohI1lf3zWF7k7ecCmL/T2ZaiV7W7ZIjmTmNT0bqNfnsgBfQnudYn8zG1uk7PrPmBXd2CkujehZpDw==
